// !$*UTF8*$!
{
	archiveVersion = 1;
	classes = {
	};
	objectVersion = 51;
	objects = {

/* Begin PBXBuildFile section */
		51702B97EA05A66BF227D88B /* libPods-SDWebImageDemo.a in Frameworks */ = {isa = PBXBuildFile; fileRef = 3A8B1D8084593F61A266E3FE /* libPods-SDWebImageDemo.a */; };
		6B6A97D52508F7A900AD3D45 /* AppDelegate.m in Sources */ = {isa = PBXBuildFile; fileRef = 6B6A97D42508F7A900AD3D45 /* AppDelegate.m */; };
		6B6A97DE2508F7A900AD3D45 /* Main.storyboard in Resources */ = {isa = PBXBuildFile; fileRef = 6B6A97DC2508F7A900AD3D45 /* Main.storyboard */; };
		6B6A97E02508F7AA00AD3D45 /* Assets.xcassets in Resources */ = {isa = PBXBuildFile; fileRef = 6B6A97DF2508F7AA00AD3D45 /* Assets.xcassets */; };
		6B6A97E32508F7AA00AD3D45 /* LaunchScreen.storyboard in Resources */ = {isa = PBXBuildFile; fileRef = 6B6A97E12508F7AA00AD3D45 /* LaunchScreen.storyboard */; };
		6B6A97E62508F7AA00AD3D45 /* main.m in Sources */ = {isa = PBXBuildFile; fileRef = 6B6A97E52508F7AA00AD3D45 /* main.m */; };
		6BDB86032508F8D600A199AA /* UIImageView+SDTransformer.m in Sources */ = {isa = PBXBuildFile; fileRef = 6BDB86022508F8D600A199AA /* UIImageView+SDTransformer.m */; };
		6BDB8608250901C200A199AA /* UIImageView+SDRoundCorner.m in Sources */ = {isa = PBXBuildFile; fileRef = 6BDB8607250901C200A199AA /* UIImageView+SDRoundCorner.m */; };
		6BDB860B2509021700A199AA /* UIImageView+SDImageResizing.m in Sources */ = {isa = PBXBuildFile; fileRef = 6BDB860A2509021700A199AA /* UIImageView+SDImageResizing.m */; };
		6BDB860E2509022600A199AA /* UIImageView+SDImageCropping.m in Sources */ = {isa = PBXBuildFile; fileRef = 6BDB860D2509022600A199AA /* UIImageView+SDImageCropping.m */; };
		6BDB86112509023400A199AA /* UIImageView+SDImageFlipping.m in Sources */ = {isa = PBXBuildFile; fileRef = 6BDB86102509023400A199AA /* UIImageView+SDImageFlipping.m */; };
		6BDB86142509024200A199AA /* UIImageView+SDImageRotation.m in Sources */ = {isa = PBXBuildFile; fileRef = 6BDB86132509024200A199AA /* UIImageView+SDImageRotation.m */; };
		6BDB86172509027300A199AA /* UIImageView+SDImageTint.m in Sources */ = {isa = PBXBuildFile; fileRef = 6BDB86162509027300A199AA /* UIImageView+SDImageTint.m */; };
		6BDB861A2509028000A199AA /* UIImageView+SDImageBlur.m in Sources */ = {isa = PBXBuildFile; fileRef = 6BDB86192509028000A199AA /* UIImageView+SDImageBlur.m */; };
		6BDB861D2509028C00A199AA /* UIImageView+SDImageFilter.m in Sources */ = {isa = PBXBuildFile; fileRef = 6BDB861C2509028C00A199AA /* UIImageView+SDImageFilter.m */; };
		6BE802C42509B6D600C36322 /* SDNavigationController.m in Sources */ = {isa = PBXBuildFile; fileRef = 6BE802C32509B6D600C36322 /* SDNavigationController.m */; };
		6BE802C72509B70500C36322 /* SDCommonViewController.m in Sources */ = {isa = PBXBuildFile; fileRef = 6BE802C62509B70500C36322 /* SDCommonViewController.m */; };
		6BE802CD2509B78C00C36322 /* SDImageCacheViewController.m in Sources */ = {isa = PBXBuildFile; fileRef = 6BE802CC2509B78C00C36322 /* SDImageCacheViewController.m */; };
		6BE802D02509BAC200C36322 /* 4c41b8e15afe438db66a3e145ec79e0a_tplv-k3u1fbpfcp-zoom-1 (1).png in Resources */ = {isa = PBXBuildFile; fileRef = 6BE802CF2509BAC200C36322 /* 4c41b8e15afe438db66a3e145ec79e0a_tplv-k3u1fbpfcp-zoom-1 (1).png */; };
		6BE802D42509BF2700C36322 /* SDImageCacheCell.m in Sources */ = {isa = PBXBuildFile; fileRef = 6BE802D32509BF2700C36322 /* SDImageCacheCell.m */; };
		6BFD4DE3250935180011CFF2 /* UIImageView+SDImagePipeline.m in Sources */ = {isa = PBXBuildFile; fileRef = 6BFD4DE2250935180011CFF2 /* UIImageView+SDImagePipeline.m */; };
/* End PBXBuildFile section */

/* Begin PBXFileReference section */
		110FE983B484BE71DD82CA16 /* Pods-SDWebImageDemo.debug.xcconfig */ = {isa = PBXFileReference; includeInIndex = 1; lastKnownFileType = text.xcconfig; name = "Pods-SDWebImageDemo.debug.xcconfig"; path = "Target Support Files/Pods-SDWebImageDemo/Pods-SDWebImageDemo.debug.xcconfig"; sourceTree = "<group>"; };
		3A8B1D8084593F61A266E3FE /* libPods-SDWebImageDemo.a */ = {isa = PBXFileReference; explicitFileType = archive.ar; includeInIndex = 0; path = "libPods-SDWebImageDemo.a"; sourceTree = BUILT_PRODUCTS_DIR; };
		6B6A97D02508F7A900AD3D45 /* SDWebImageDemo.app */ = {isa = PBXFileReference; explicitFileType = wrapper.application; includeInIndex = 0; path = SDWebImageDemo.app; sourceTree = BUILT_PRODUCTS_DIR; };
		6B6A97D32508F7A900AD3D45 /* AppDelegate.h */ = {isa = PBXFileReference; lastKnownFileType = sourcecode.c.h; path = AppDelegate.h; sourceTree = "<group>"; };
		6B6A97D42508F7A900AD3D45 /* AppDelegate.m */ = {isa = PBXFileReference; lastKnownFileType = sourcecode.c.objc; path = AppDelegate.m; sourceTree = "<group>"; };
		6B6A97DD2508F7A900AD3D45 /* Base */ = {isa = PBXFileReference; lastKnownFileType = file.storyboard; name = Base; path = Base.lproj/Main.storyboard; sourceTree = "<group>"; };
		6B6A97DF2508F7AA00AD3D45 /* Assets.xcassets */ = {isa = PBXFileReference; lastKnownFileType = folder.assetcatalog; path = Assets.xcassets; sourceTree = "<group>"; };
		6B6A97E22508F7AA00AD3D45 /* Base */ = {isa = PBXFileReference; lastKnownFileType = file.storyboard; name = Base; path = Base.lproj/LaunchScreen.storyboard; sourceTree = "<group>"; };
		6B6A97E42508F7AA00AD3D45 /* Info.plist */ = {isa = PBXFileReference; lastKnownFileType = text.plist.xml; path = Info.plist; sourceTree = "<group>"; };
		6B6A97E52508F7AA00AD3D45 /* main.m */ = {isa = PBXFileReference; lastKnownFileType = sourcecode.c.objc; path = main.m; sourceTree = "<group>"; };
		6BDB86012508F8D600A199AA /* UIImageView+SDTransformer.h */ = {isa = PBXFileReference; lastKnownFileType = sourcecode.c.h; path = "UIImageView+SDTransformer.h"; sourceTree = "<group>"; };
		6BDB86022508F8D600A199AA /* UIImageView+SDTransformer.m */ = {isa = PBXFileReference; lastKnownFileType = sourcecode.c.objc; path = "UIImageView+SDTransformer.m"; sourceTree = "<group>"; };
		6BDB8606250901C200A199AA /* UIImageView+SDRoundCorner.h */ = {isa = PBXFileReference; lastKnownFileType = sourcecode.c.h; path = "UIImageView+SDRoundCorner.h"; sourceTree = "<group>"; };
		6BDB8607250901C200A199AA /* UIImageView+SDRoundCorner.m */ = {isa = PBXFileReference; lastKnownFileType = sourcecode.c.objc; path = "UIImageView+SDRoundCorner.m"; sourceTree = "<group>"; };
		6BDB86092509021700A199AA /* UIImageView+SDImageResizing.h */ = {isa = PBXFileReference; lastKnownFileType = sourcecode.c.h; path = "UIImageView+SDImageResizing.h"; sourceTree = "<group>"; };
		6BDB860A2509021700A199AA /* UIImageView+SDImageResizing.m */ = {isa = PBXFileReference; lastKnownFileType = sourcecode.c.objc; path = "UIImageView+SDImageResizing.m"; sourceTree = "<group>"; };
		6BDB860C2509022600A199AA /* UIImageView+SDImageCropping.h */ = {isa = PBXFileReference; lastKnownFileType = sourcecode.c.h; path = "UIImageView+SDImageCropping.h"; sourceTree = "<group>"; };
		6BDB860D2509022600A199AA /* UIImageView+SDImageCropping.m */ = {isa = PBXFileReference; lastKnownFileType = sourcecode.c.objc; path = "UIImageView+SDImageCropping.m"; sourceTree = "<group>"; };
		6BDB860F2509023400A199AA /* UIImageView+SDImageFlipping.h */ = {isa = PBXFileReference; lastKnownFileType = sourcecode.c.h; path = "UIImageView+SDImageFlipping.h"; sourceTree = "<group>"; };
		6BDB86102509023400A199AA /* UIImageView+SDImageFlipping.m */ = {isa = PBXFileReference; lastKnownFileType = sourcecode.c.objc; path = "UIImageView+SDImageFlipping.m"; sourceTree = "<group>"; };
		6BDB86122509024200A199AA /* UIImageView+SDImageRotation.h */ = {isa = PBXFileReference; lastKnownFileType = sourcecode.c.h; path = "UIImageView+SDImageRotation.h"; sourceTree = "<group>"; };
		6BDB86132509024200A199AA /* UIImageView+SDImageRotation.m */ = {isa = PBXFileReference; lastKnownFileType = sourcecode.c.objc; path = "UIImageView+SDImageRotation.m"; sourceTree = "<group>"; };
		6BDB86152509027300A199AA /* UIImageView+SDImageTint.h */ = {isa = PBXFileReference; lastKnownFileType = sourcecode.c.h; path = "UIImageView+SDImageTint.h"; sourceTree = "<group>"; };
		6BDB86162509027300A199AA /* UIImageView+SDImageTint.m */ = {isa = PBXFileReference; lastKnownFileType = sourcecode.c.objc; path = "UIImageView+SDImageTint.m"; sourceTree = "<group>"; };
		6BDB86182509028000A199AA /* UIImageView+SDImageBlur.h */ = {isa = PBXFileReference; lastKnownFileType = sourcecode.c.h; path = "UIImageView+SDImageBlur.h"; sourceTree = "<group>"; };
		6BDB86192509028000A199AA /* UIImageView+SDImageBlur.m */ = {isa = PBXFileReference; lastKnownFileType = sourcecode.c.objc; path = "UIImageView+SDImageBlur.m"; sourceTree = "<group>"; };
		6BDB861B2509028C00A199AA /* UIImageView+SDImageFilter.h */ = {isa = PBXFileReference; lastKnownFileType = sourcecode.c.h; path = "UIImageView+SDImageFilter.h"; sourceTree = "<group>"; };
		6BDB861C2509028C00A199AA /* UIImageView+SDImageFilter.m */ = {isa = PBXFileReference; lastKnownFileType = sourcecode.c.objc; path = "UIImageView+SDImageFilter.m"; sourceTree = "<group>"; };
		6BE802C22509B6D600C36322 /* SDNavigationController.h */ = {isa = PBXFileReference; lastKnownFileType = sourcecode.c.h; path = SDNavigationController.h; sourceTree = "<group>"; };
		6BE802C32509B6D600C36322 /* SDNavigationController.m */ = {isa = PBXFileReference; lastKnownFileType = sourcecode.c.objc; path = SDNavigationController.m; sourceTree = "<group>"; };
		6BE802C52509B70500C36322 /* SDCommonViewController.h */ = {isa = PBXFileReference; lastKnownFileType = sourcecode.c.h; path = SDCommonViewController.h; sourceTree = "<group>"; };
		6BE802C62509B70500C36322 /* SDCommonViewController.m */ = {isa = PBXFileReference; lastKnownFileType = sourcecode.c.objc; path = SDCommonViewController.m; sourceTree = "<group>"; };
		6BE802CB2509B78C00C36322 /* SDImageCacheViewController.h */ = {isa = PBXFileReference; lastKnownFileType = sourcecode.c.h; path = SDImageCacheViewController.h; sourceTree = "<group>"; };
		6BE802CC2509B78C00C36322 /* SDImageCacheViewController.m */ = {isa = PBXFileReference; lastKnownFileType = sourcecode.c.objc; path = SDImageCacheViewController.m; sourceTree = "<group>"; };
		6BE802CF2509BAC200C36322 /* 4c41b8e15afe438db66a3e145ec79e0a_tplv-k3u1fbpfcp-zoom-1 (1).png */ = {isa = PBXFileReference; lastKnownFileType = image.png; path = "4c41b8e15afe438db66a3e145ec79e0a_tplv-k3u1fbpfcp-zoom-1 (1).png"; sourceTree = "<group>"; };
		6BE802D22509BF2700C36322 /* SDImageCacheCell.h */ = {isa = PBXFileReference; lastKnownFileType = sourcecode.c.h; path = SDImageCacheCell.h; sourceTree = "<group>"; };
		6BE802D32509BF2700C36322 /* SDImageCacheCell.m */ = {isa = PBXFileReference; lastKnownFileType = sourcecode.c.objc; path = SDImageCacheCell.m; sourceTree = "<group>"; };
		6BFD4DE1250935180011CFF2 /* UIImageView+SDImagePipeline.h */ = {isa = PBXFileReference; lastKnownFileType = sourcecode.c.h; path = "UIImageView+SDImagePipeline.h"; sourceTree = "<group>"; };
		6BFD4DE2250935180011CFF2 /* UIImageView+SDImagePipeline.m */ = {isa = PBXFileReference; lastKnownFileType = sourcecode.c.objc; path = "UIImageView+SDImagePipeline.m"; sourceTree = "<group>"; };
		C7D011FDF8C434A68E355268 /* Pods-SDWebImageDemo.release.xcconfig */ = {isa = PBXFileReference; includeInIndex = 1; lastKnownFileType = text.xcconfig; name = "Pods-SDWebImageDemo.release.xcconfig"; path = "Target Support Files/Pods-SDWebImageDemo/Pods-SDWebImageDemo.release.xcconfig"; sourceTree = "<group>"; };
/* End PBXFileReference section */

/* Begin PBXFrameworksBuildPhase section */
		6B6A97CD2508F7A800AD3D45 /* Frameworks */ = {
			isa = PBXFrameworksBuildPhase;
			buildActionMask = 2147483647;
			files = (
				51702B97EA05A66BF227D88B /* libPods-SDWebImageDemo.a in Frameworks */,
			);
			runOnlyForDeploymentPostprocessing = 0;
		};
/* End PBXFrameworksBuildPhase section */

/* Begin PBXGroup section */
		6B6A97C72508F7A800AD3D45 = {
			isa = PBXGroup;
			children = (
				6B6A97D22508F7A900AD3D45 /* SDWebImageDemo */,
				6B6A97D12508F7A900AD3D45 /* Products */,
				7E849709FB25E32BFA22E1B7 /* Pods */,
				7BD1E94E90136BEF3AFB4197 /* Frameworks */,
			);
			sourceTree = "<group>";
		};
		6B6A97D12508F7A900AD3D45 /* Products */ = {
			isa = PBXGroup;
			children = (
				6B6A97D02508F7A900AD3D45 /* SDWebImageDemo.app */,
			);
			name = Products;
			sourceTree = "<group>";
		};
		6B6A97D22508F7A900AD3D45 /* SDWebImageDemo */ = {
			isa = PBXGroup;
			children = (
				6BE802CE2509BAB600C36322 /* Resource */,
				6BDB86002508F86B00A199AA /* Category */,
				6BDB85FF2508F86500A199AA /* ViewController */,
				6B6A97D32508F7A900AD3D45 /* AppDelegate.h */,
				6B6A97D42508F7A900AD3D45 /* AppDelegate.m */,
				6B6A97DC2508F7A900AD3D45 /* Main.storyboard */,
				6B6A97DF2508F7AA00AD3D45 /* Assets.xcassets */,
				6B6A97E12508F7AA00AD3D45 /* LaunchScreen.storyboard */,
				6B6A97E42508F7AA00AD3D45 /* Info.plist */,
				6B6A97E52508F7AA00AD3D45 /* main.m */,
			);
			path = SDWebImageDemo;
			sourceTree = "<group>";
		};
		6BDB85FF2508F86500A199AA /* ViewController */ = {
			isa = PBXGroup;
			children = (
				6BE802C02509B69400C36322 /* ViewController */,
				6BDB86052508F93500A199AA /* Common */,
			);
			path = ViewController;
			sourceTree = "<group>";
		};
		6BDB86002508F86B00A199AA /* Category */ = {
			isa = PBXGroup;
			children = (
				6BDB86012508F8D600A199AA /* UIImageView+SDTransformer.h */,
				6BDB86022508F8D600A199AA /* UIImageView+SDTransformer.m */,
				6BDB8606250901C200A199AA /* UIImageView+SDRoundCorner.h */,
				6BDB8607250901C200A199AA /* UIImageView+SDRoundCorner.m */,
				6BDB86092509021700A199AA /* UIImageView+SDImageResizing.h */,
				6BDB860A2509021700A199AA /* UIImageView+SDImageResizing.m */,
				6BDB860C2509022600A199AA /* UIImageView+SDImageCropping.h */,
				6BDB860D2509022600A199AA /* UIImageView+SDImageCropping.m */,
				6BDB860F2509023400A199AA /* UIImageView+SDImageFlipping.h */,
				6BDB86102509023400A199AA /* UIImageView+SDImageFlipping.m */,
				6BDB86122509024200A199AA /* UIImageView+SDImageRotation.h */,
				6BDB86132509024200A199AA /* UIImageView+SDImageRotation.m */,
				6BDB86152509027300A199AA /* UIImageView+SDImageTint.h */,
				6BDB86162509027300A199AA /* UIImageView+SDImageTint.m */,
				6BDB86182509028000A199AA /* UIImageView+SDImageBlur.h */,
				6BDB86192509028000A199AA /* UIImageView+SDImageBlur.m */,
				6BDB861B2509028C00A199AA /* UIImageView+SDImageFilter.h */,
				6BDB861C2509028C00A199AA /* UIImageView+SDImageFilter.m */,
				6BFD4DE1250935180011CFF2 /* UIImageView+SDImagePipeline.h */,
				6BFD4DE2250935180011CFF2 /* UIImageView+SDImagePipeline.m */,
			);
			path = Category;
			sourceTree = "<group>";
		};
		6BDB86042508F93000A199AA /* Base */ = {
			isa = PBXGroup;
			children = (
				6BE802C22509B6D600C36322 /* SDNavigationController.h */,
				6BE802C32509B6D600C36322 /* SDNavigationController.m */,
				6BE802C52509B70500C36322 /* SDCommonViewController.h */,
				6BE802C62509B70500C36322 /* SDCommonViewController.m */,
			);
			path = Base;
			sourceTree = "<group>";
		};
		6BDB86052508F93500A199AA /* Common */ = {
			isa = PBXGroup;
			children = (
			);
			path = Common;
			sourceTree = "<group>";
		};
		6BE802C02509B69400C36322 /* ViewController */ = {
			isa = PBXGroup;
			children = (
				6BE802D12509BF0B00C36322 /* ImageCache */,
				6BDB86042508F93000A199AA /* Base */,
			);
			path = ViewController;
			sourceTree = "<group>";
		};
		6BE802CE2509BAB600C36322 /* Resource */ = {
			isa = PBXGroup;
			children = (
				6BE802CF2509BAC200C36322 /* 4c41b8e15afe438db66a3e145ec79e0a_tplv-k3u1fbpfcp-zoom-1 (1).png */,
			);
			path = Resource;
			sourceTree = "<group>";
		};
		6BE802D12509BF0B00C36322 /* ImageCache */ = {
			isa = PBXGroup;
			children = (
				6BE802CB2509B78C00C36322 /* SDImageCacheViewController.h */,
				6BE802CC2509B78C00C36322 /* SDImageCacheViewController.m */,
				6BE802D22509BF2700C36322 /* SDImageCacheCell.h */,
				6BE802D32509BF2700C36322 /* SDImageCacheCell.m */,
			);
			path = ImageCache;
			sourceTree = "<group>";
		};
		7BD1E94E90136BEF3AFB4197 /* Frameworks */ = {
			isa = PBXGroup;
			children = (
				3A8B1D8084593F61A266E3FE /* libPods-SDWebImageDemo.a */,
			);
			name = Frameworks;
			sourceTree = "<group>";
		};
		7E849709FB25E32BFA22E1B7 /* Pods */ = {
			isa = PBXGroup;
			children = (
				110FE983B484BE71DD82CA16 /* Pods-SDWebImageDemo.debug.xcconfig */,
				C7D011FDF8C434A68E355268 /* Pods-SDWebImageDemo.release.xcconfig */,
			);
			path = Pods;
			sourceTree = "<group>";
		};
/* End PBXGroup section */

/* Begin PBXNativeTarget section */
		6B6A97CF2508F7A800AD3D45 /* SDWebImageDemo */ = {
			isa = PBXNativeTarget;
			buildConfigurationList = 6B6A97E92508F7AA00AD3D45 /* Build configuration list for PBXNativeTarget "SDWebImageDemo" */;
			buildPhases = (
				85B580D4394943F2013542E1 /* [CP] Check Pods Manifest.lock */,
				6B6A97CC2508F7A800AD3D45 /* Sources */,
				6B6A97CD2508F7A800AD3D45 /* Frameworks */,
				6B6A97CE2508F7A800AD3D45 /* Resources */,
				7AA5472DFC9E7585A1B61D34 /* [CP] Copy Pods Resources */,
			);
			buildRules = (
			);
			dependencies = (
			);
			name = SDWebImageDemo;
			productName = SDWebImageDemo;
			productReference = 6B6A97D02508F7A900AD3D45 /* SDWebImageDemo.app */;
			productType = "com.apple.product-type.application";
		};
/* End PBXNativeTarget section */

/* Begin PBXProject section */
		6B6A97C82508F7A800AD3D45 /* Project object */ = {
			isa = PBXProject;
			attributes = {
				LastUpgradeCheck = 1200;
				ORGANIZATIONNAME = myz;
				TargetAttributes = {
					6B6A97CF2508F7A800AD3D45 = {
						CreatedOnToolsVersion = 11.7;
					};
				};
			};
			buildConfigurationList = 6B6A97CB2508F7A800AD3D45 /* Build configuration list for PBXProject "SDWebImageDemo" */;
			compatibilityVersion = "Xcode 9.3";
			developmentRegion = en;
			hasScannedForEncodings = 0;
			knownRegions = (
				en,
				Base,
			);
			mainGroup = 6B6A97C72508F7A800AD3D45;
			productRefGroup = 6B6A97D12508F7A900AD3D45 /* Products */;
			projectDirPath = "";
			projectRoot = "";
			targets = (
				6B6A97CF2508F7A800AD3D45 /* SDWebImageDemo */,
			);
		};
/* End PBXProject section */

/* Begin PBXResourcesBuildPhase section */
		6B6A97CE2508F7A800AD3D45 /* Resources */ = {
			isa = PBXResourcesBuildPhase;
			buildActionMask = 2147483647;
			files = (
				6B6A97E32508F7AA00AD3D45 /* LaunchScreen.storyboard in Resources */,
				6B6A97E02508F7AA00AD3D45 /* Assets.xcassets in Resources */,
				6BE802D02509BAC200C36322 /* 4c41b8e15afe438db66a3e145ec79e0a_tplv-k3u1fbpfcp-zoom-1 (1).png in Resources */,
				6B6A97DE2508F7A900AD3D45 /* Main.storyboard in Resources */,
			);
			runOnlyForDeploymentPostprocessing = 0;
		};
/* End PBXResourcesBuildPhase section */

/* Begin PBXShellScriptBuildPhase section */
		7AA5472DFC9E7585A1B61D34 /* [CP] Copy Pods Resources */ = {
			isa = PBXShellScriptBuildPhase;
			buildActionMask = 2147483647;
			files = (
			);
			inputFileListPaths = (
				"${PODS_ROOT}/Target Support Files/Pods-SDWebImageDemo/Pods-SDWebImageDemo-resources-${CONFIGURATION}-input-files.xcfilelist",
			);
			name = "[CP] Copy Pods Resources";
			outputFileListPaths = (
				"${PODS_ROOT}/Target Support Files/Pods-SDWebImageDemo/Pods-SDWebImageDemo-resources-${CONFIGURATION}-output-files.xcfilelist",
			);
			runOnlyForDeploymentPostprocessing = 0;
			shellPath = /bin/sh;
			shellScript = "\"${PODS_ROOT}/Target Support Files/Pods-SDWebImageDemo/Pods-SDWebImageDemo-resources.sh\"\n";
			showEnvVarsInLog = 0;
		};
		85B580D4394943F2013542E1 /* [CP] Check Pods Manifest.lock */ = {
			isa = PBXShellScriptBuildPhase;
			buildActionMask = 2147483647;
			files = (
			);
			inputFileListPaths = (
			);
			inputPaths = (
				"${PODS_PODFILE_DIR_PATH}/Podfile.lock",
				"${PODS_ROOT}/Manifest.lock",
			);
			name = "[CP] Check Pods Manifest.lock";
			outputFileListPaths = (
			);
			outputPaths = (
				"$(DERIVED_FILE_DIR)/Pods-SDWebImageDemo-checkManifestLockResult.txt",
			);
			runOnlyForDeploymentPostprocessing = 0;
			shellPath = /bin/sh;
			shellScript = "diff \"${PODS_PODFILE_DIR_PATH}/Podfile.lock\" \"${PODS_ROOT}/Manifest.lock\" > /dev/null\nif [ $? != 0 ] ; then\n    # print error to STDERR\n    echo \"error: The sandbox is not in sync with the Podfile.lock. Run 'pod install' or update your CocoaPods installation.\" >&2\n    exit 1\nfi\n# This output is used by Xcode 'outputs' to avoid re-running this script phase.\necho \"SUCCESS\" > \"${SCRIPT_OUTPUT_FILE_0}\"\n";
			showEnvVarsInLog = 0;
		};
/* End PBXShellScriptBuildPhase section */

/* Begin PBXSourcesBuildPhase section */
		6B6A97CC2508F7A800AD3D45 /* Sources */ = {
			isa = PBXSourcesBuildPhase;
			buildActionMask = 2147483647;
			files = (
				6BDB86142509024200A199AA /* UIImageView+SDImageRotation.m in Sources */,
				6BE802C72509B70500C36322 /* SDCommonViewController.m in Sources */,
				6BDB861D2509028C00A199AA /* UIImageView+SDImageFilter.m in Sources */,
				6B6A97D52508F7A900AD3D45 /* AppDelegate.m in Sources */,
				6B6A97E62508F7AA00AD3D45 /* main.m in Sources */,
				6BDB86172509027300A199AA /* UIImageView+SDImageTint.m in Sources */,
				6BDB860E2509022600A199AA /* UIImageView+SDImageCropping.m in Sources */,
				6BDB861A2509028000A199AA /* UIImageView+SDImageBlur.m in Sources */,
				6BDB860B2509021700A199AA /* UIImageView+SDImageResizing.m in Sources */,
				6BE802C42509B6D600C36322 /* SDNavigationController.m in Sources */,
				6BDB86032508F8D600A199AA /* UIImageView+SDTransformer.m in Sources */,
				6BE802D42509BF2700C36322 /* SDImageCacheCell.m in Sources */,
				6BFD4DE3250935180011CFF2 /* UIImageView+SDImagePipeline.m in Sources */,
				6BDB86112509023400A199AA /* UIImageView+SDImageFlipping.m in Sources */,
				6BE802CD2509B78C00C36322 /* SDImageCacheViewController.m in Sources */,
				6BDB8608250901C200A199AA /* UIImageView+SDRoundCorner.m in Sources */,
			);
			runOnlyForDeploymentPostprocessing = 0;
		};
/* End PBXSourcesBuildPhase section */

/* Begin PBXVariantGroup section */
		6B6A97DC2508F7A900AD3D45 /* Main.storyboard */ = {
			isa = PBXVariantGroup;
			children = (
				6B6A97DD2508F7A900AD3D45 /* Base */,
			);
			name = Main.storyboard;
			sourceTree = "<group>";
		};
		6B6A97E12508F7AA00AD3D45 /* LaunchScreen.storyboard */ = {
			isa = PBXVariantGroup;
			children = (
				6B6A97E22508F7AA00AD3D45 /* Base */,
			);
			name = LaunchScreen.storyboard;
			sourceTree = "<group>";
		};
/* End PBXVariantGroup section */

/* Begin XCBuildConfiguration section */
		6B6A97E72508F7AA00AD3D45 /* Debug */ = {
			isa = XCBuildConfiguration;
			buildSettings = {
				ALWAYS_SEARCH_USER_PATHS = NO;
				CLANG_ANALYZER_NONNULL = YES;
				CLANG_ANALYZER_NUMBER_OBJECT_CONVERSION = YES_AGGRESSIVE;
				CLANG_CXX_LANGUAGE_STANDARD = "gnu++14";
				CLANG_CXX_LIBRARY = "libc++";
				CLANG_ENABLE_MODULES = YES;
				CLANG_ENABLE_OBJC_ARC = YES;
				CLANG_ENABLE_OBJC_WEAK = YES;
				CLANG_WARN_BLOCK_CAPTURE_AUTORELEASING = YES;
				CLANG_WARN_BOOL_CONVERSION = YES;
				CLANG_WARN_COMMA = YES;
				CLANG_WARN_CONSTANT_CONVERSION = YES;
				CLANG_WARN_DEPRECATED_OBJC_IMPLEMENTATIONS = YES;
				CLANG_WARN_DIRECT_OBJC_ISA_USAGE = YES_ERROR;
				CLANG_WARN_DOCUMENTATION_COMMENTS = YES;
				CLANG_WARN_EMPTY_BODY = YES;
				CLANG_WARN_ENUM_CONVERSION = YES;
				CLANG_WARN_INFINITE_RECURSION = YES;
				CLANG_WARN_INT_CONVERSION = YES;
				CLANG_WARN_NON_LITERAL_NULL_CONVERSION = YES;
				CLANG_WARN_OBJC_IMPLICIT_RETAIN_SELF = YES;
				CLANG_WARN_OBJC_LITERAL_CONVERSION = YES;
				CLANG_WARN_OBJC_ROOT_CLASS = YES_ERROR;
				CLANG_WARN_QUOTED_INCLUDE_IN_FRAMEWORK_HEADER = YES;
				CLANG_WARN_RANGE_LOOP_ANALYSIS = YES;
				CLANG_WARN_STRICT_PROTOTYPES = YES;
				CLANG_WARN_SUSPICIOUS_MOVE = YES;
				CLANG_WARN_UNGUARDED_AVAILABILITY = YES_AGGRESSIVE;
				CLANG_WARN_UNREACHABLE_CODE = YES;
				CLANG_WARN__DUPLICATE_METHOD_MATCH = YES;
				COPY_PHASE_STRIP = NO;
				DEBUG_INFORMATION_FORMAT = dwarf;
				ENABLE_STRICT_OBJC_MSGSEND = YES;
				ENABLE_TESTABILITY = YES;
				GCC_C_LANGUAGE_STANDARD = gnu11;
				GCC_DYNAMIC_NO_PIC = NO;
				GCC_NO_COMMON_BLOCKS = YES;
				GCC_OPTIMIZATION_LEVEL = 0;
				GCC_PREPROCESSOR_DEFINITIONS = (
					"DEBUG=1",
					"$(inherited)",
				);
				GCC_WARN_64_TO_32_BIT_CONVERSION = YES;
				GCC_WARN_ABOUT_RETURN_TYPE = YES_ERROR;
				GCC_WARN_UNDECLARED_SELECTOR = YES;
				GCC_WARN_UNINITIALIZED_AUTOS = YES_AGGRESSIVE;
				GCC_WARN_UNUSED_FUNCTION = YES;
				GCC_WARN_UNUSED_VARIABLE = YES;
				IPHONEOS_DEPLOYMENT_TARGET = 9.0;
				MTL_ENABLE_DEBUG_INFO = INCLUDE_SOURCE;
				MTL_FAST_MATH = YES;
				ONLY_ACTIVE_ARCH = YES;
				SDKROOT = iphoneos;
			};
			name = Debug;
		};
		6B6A97E82508F7AA00AD3D45 /* Release */ = {
			isa = XCBuildConfiguration;
			buildSettings = {
				ALWAYS_SEARCH_USER_PATHS = NO;
				CLANG_ANALYZER_NONNULL = YES;
				CLANG_ANALYZER_NUMBER_OBJECT_CONVERSION = YES_AGGRESSIVE;
				CLANG_CXX_LANGUAGE_STANDARD = "gnu++14";
				CLANG_CXX_LIBRARY = "libc++";
				CLANG_ENABLE_MODULES = YES;
				CLANG_ENABLE_OBJC_ARC = YES;
				CLANG_ENABLE_OBJC_WEAK = YES;
				CLANG_WARN_BLOCK_CAPTURE_AUTORELEASING = YES;
				CLANG_WARN_BOOL_CONVERSION = YES;
				CLANG_WARN_COMMA = YES;
				CLANG_WARN_CONSTANT_CONVERSION = YES;
				CLANG_WARN_DEPRECATED_OBJC_IMPLEMENTATIONS = YES;
				CLANG_WARN_DIRECT_OBJC_ISA_USAGE = YES_ERROR;
				CLANG_WARN_DOCUMENTATION_COMMENTS = YES;
				CLANG_WARN_EMPTY_BODY = YES;
				CLANG_WARN_ENUM_CONVERSION = YES;
				CLANG_WARN_INFINITE_RECURSION = YES;
				CLANG_WARN_INT_CONVERSION = YES;
				CLANG_WARN_NON_LITERAL_NULL_CONVERSION = YES;
				CLANG_WARN_OBJC_IMPLICIT_RETAIN_SELF = YES;
				CLANG_WARN_OBJC_LITERAL_CONVERSION = YES;
				CLANG_WARN_OBJC_ROOT_CLASS = YES_ERROR;
				CLANG_WARN_QUOTED_INCLUDE_IN_FRAMEWORK_HEADER = YES;
				CLANG_WARN_RANGE_LOOP_ANALYSIS = YES;
				CLANG_WARN_STRICT_PROTOTYPES = YES;
				CLANG_WARN_SUSPICIOUS_MOVE = YES;
				CLANG_WARN_UNGUARDED_AVAILABILITY = YES_AGGRESSIVE;
				CLANG_WARN_UNREACHABLE_CODE = YES;
				CLANG_WARN__DUPLICATE_METHOD_MATCH = YES;
				COPY_PHASE_STRIP = NO;
				DEBUG_INFORMATION_FORMAT = "dwarf-with-dsym";
				ENABLE_NS_ASSERTIONS = NO;
				ENABLE_STRICT_OBJC_MSGSEND = YES;
				GCC_C_LANGUAGE_STANDARD = gnu11;
				GCC_NO_COMMON_BLOCKS = YES;
				GCC_WARN_64_TO_32_BIT_CONVERSION = YES;
				GCC_WARN_ABOUT_RETURN_TYPE = YES_ERROR;
				GCC_WARN_UNDECLARED_SELECTOR = YES;
				GCC_WARN_UNINITIALIZED_AUTOS = YES_AGGRESSIVE;
				GCC_WARN_UNUSED_FUNCTION = YES;
				GCC_WARN_UNUSED_VARIABLE = YES;
				IPHONEOS_DEPLOYMENT_TARGET = 9.0;
				MTL_ENABLE_DEBUG_INFO = NO;
				MTL_FAST_MATH = YES;
				SDKROOT = iphoneos;
				VALIDATE_PRODUCT = YES;
			};
			name = Release;
		};
		6B6A97EA2508F7AA00AD3D45 /* Debug */ = {
			isa = XCBuildConfiguration;
			baseConfigurationReference = 110FE983B484BE71DD82CA16 /* Pods-SDWebImageDemo.debug.xcconfig */;
			buildSettings = {
				ASSETCATALOG_COMPILER_APPICON_NAME = AppIcon;
				CODE_SIGN_STYLE = Automatic;
				DEVELOPMENT_TEAM = WU2WFZ2B66;
				INFOPLIST_FILE = SDWebImageDemo/Info.plist;
				IPHONEOS_DEPLOYMENT_TARGET = 9.0;
				LD_RUNPATH_SEARCH_PATHS = (
					"$(inherited)",
					"@executable_path/Frameworks",
				);
				MARKETING_VERSION = 1.0.0;
				PRODUCT_BUNDLE_IDENTIFIER = "com.het.-SDWebImageDemo";
				PRODUCT_NAME = "$(TARGET_NAME)";
				TARGETED_DEVICE_FAMILY = "1,2";
			};
			name = Debug;
		};
		6B6A97EB2508F7AA00AD3D45 /* Release */ = {
			isa = XCBuildConfiguration;
			baseConfigurationReference = C7D011FDF8C434A68E355268 /* Pods-SDWebImageDemo.release.xcconfig */;
			buildSettings = {
				ASSETCATALOG_COMPILER_APPICON_NAME = AppIcon;
				CODE_SIGN_STYLE = Automatic;
				DEVELOPMENT_TEAM = WU2WFZ2B66;
				INFOPLIST_FILE = SDWebImageDemo/Info.plist;
				IPHONEOS_DEPLOYMENT_TARGET = 9.0;
				LD_RUNPATH_SEARCH_PATHS = (
					"$(inherited)",
					"@executable_path/Frameworks",
				);
				MARKETING_VERSION = 1.0.0;
				PRODUCT_BUNDLE_IDENTIFIER = "com.het.-SDWebImageDemo";
				PRODUCT_NAME = "$(TARGET_NAME)";
				TARGETED_DEVICE_FAMILY = "1,2";
			};
			name = Release;
		};
/* End XCBuildConfiguration section */

/* Begin XCConfigurationList section */
		6B6A97CB2508F7A800AD3D45 /* Build configuration list for PBXProject "SDWebImageDemo" */ = {
			isa = XCConfigurationList;
			buildConfigurations = (
				6B6A97E72508F7AA00AD3D45 /* Debug */,
				6B6A97E82508F7AA00AD3D45 /* Release */,
			);
			defaultConfigurationIsVisible = 0;
			defaultConfigurationName = Release;
		};
		6B6A97E92508F7AA00AD3D45 /* Build configuration list for PBXNativeTarget "SDWebImageDemo" */ = {
			isa = XCConfigurationList;
			buildConfigurations = (
				6B6A97EA2508F7AA00AD3D45 /* Debug */,
				6B6A97EB2508F7AA00AD3D45 /* Release */,
			);
			defaultConfigurationIsVisible = 0;
			defaultConfigurationName = Release;
		};
/* End XCConfigurationList section */
	};
	rootObject = 6B6A97C82508F7A800AD3D45 /* Project object */;
}
